// !$*UTF8*$!
{
	archiveVersion = 1;
	classes = {
	};
	objectVersion = 51;
	objects = {

/* Begin PBXBuildFile section */
		D01CDAD924BFFF070009C1E3 /* AppDelegate.swift in Sources */ = {isa = PBXBuildFile; fileRef = D01CDAD824BFFF070009C1E3 /* AppDelegate.swift */; };
		D01CDADB24BFFF070009C1E3 /* SceneDelegate.swift in Sources */ = {isa = PBXBuildFile; fileRef = D01CDADA24BFFF070009C1E3 /* SceneDelegate.swift */; };
		D01CDAE024BFFF070009C1E3 /* Main.storyboard in Resources */ = {isa = PBXBuildFile; fileRef = D01CDADE24BFFF070009C1E3 /* Main.storyboard */; };
		D01CDAE524BFFF0A0009C1E3 /* LaunchScreen.storyboard in Resources */ = {isa = PBXBuildFile; fileRef = D01CDAE324BFFF0A0009C1E3 /* LaunchScreen.storyboard */; };
		D05A313A24CBC16600E92BC2 /* Assets.xcassets in Resources */ = {isa = PBXBuildFile; fileRef = D05A313924CBC16600E92BC2 /* Assets.xcassets */; };
		D05A313C24CDE55000E92BC2 /* Extensions.swift in Sources */ = {isa = PBXBuildFile; fileRef = D05A313B24CDE55000E92BC2 /* Extensions.swift */; };
		D05A313F24CDE7AF00E92BC2 /* SearchViewController.swift in Sources */ = {isa = PBXBuildFile; fileRef = D05A313E24CDE7AF00E92BC2 /* SearchViewController.swift */; };
		D05A314124CDE7F200E92BC2 /* LoginViewController.swift in Sources */ = {isa = PBXBuildFile; fileRef = D05A314024CDE7F200E92BC2 /* LoginViewController.swift */; };
		D05A314324CDED2C00E92BC2 /* LoginModel.swift in Sources */ = {isa = PBXBuildFile; fileRef = D05A314224CDED2C00E92BC2 /* LoginModel.swift */; };
		D05A314624CE1CFE00E92BC2 /* Variables.swift in Sources */ = {isa = PBXBuildFile; fileRef = D05A314524CE1CFE00E92BC2 /* Variables.swift */; };
		D05A314824CE7F7F00E92BC2 /* SearchModel.swift in Sources */ = {isa = PBXBuildFile; fileRef = D05A314724CE7F7F00E92BC2 /* SearchModel.swift */; };
		D05A314C24CF7F9500E92BC2 /* ListMovieData.swift in Sources */ = {isa = PBXBuildFile; fileRef = D05A314B24CF7F9500E92BC2 /* ListMovieData.swift */; };
		D05A315424D35FD300E92BC2 /* MovieListViewController.swift in Sources */ = {isa = PBXBuildFile; fileRef = D05A315324D35FD300E92BC2 /* MovieListViewController.swift */; };
		D05A315924D3A27B00E92BC2 /* MovieCell.swift in Sources */ = {isa = PBXBuildFile; fileRef = D05A315724D3A27B00E92BC2 /* MovieCell.swift */; };
		D05A315A24D3A27B00E92BC2 /* MovieCell.xib in Resources */ = {isa = PBXBuildFile; fileRef = D05A315824D3A27B00E92BC2 /* MovieCell.xib */; };
		D05A315C24D4F25300E92BC2 /* SingleMovieViewController.swift in Sources */ = {isa = PBXBuildFile; fileRef = D05A315B24D4F25300E92BC2 /* SingleMovieViewController.swift */; };
		D05A315E24D4F29800E92BC2 /* SingleMovieModel.swift in Sources */ = {isa = PBXBuildFile; fileRef = D05A315D24D4F29800E92BC2 /* SingleMovieModel.swift */; };
		D05A316024D4F8B900E92BC2 /* SingleMovieData.swift in Sources */ = {isa = PBXBuildFile; fileRef = D05A315F24D4F8B900E92BC2 /* SingleMovieData.swift */; };
		E89197856AF13073E9A50E9A /* Pods_Fabflix_iOS.framework in Frameworks */ = {isa = PBXBuildFile; fileRef = FB94C32800C3DE77FD03A51C /* Pods_Fabflix_iOS.framework */; };
/* End PBXBuildFile section */

/* Begin PBXFileReference section */
		AAE8A3BC6934986100D16F79 /* Pods-Fabflix-iOS.release.xcconfig */ = {isa = PBXFileReference; includeInIndex = 1; lastKnownFileType = text.xcconfig; name = "Pods-Fabflix-iOS.release.xcconfig"; path = "Target Support Files/Pods-Fabflix-iOS/Pods-Fabflix-iOS.release.xcconfig"; sourceTree = "<group>"; };
		D01CDAD524BFFF070009C1E3 /* Fabflix-iOS.app */ = {isa = PBXFileReference; explicitFileType = wrapper.application; includeInIndex = 0; path = "Fabflix-iOS.app"; sourceTree = BUILT_PRODUCTS_DIR; };
		D01CDAD824BFFF070009C1E3 /* AppDelegate.swift */ = {isa = PBXFileReference; lastKnownFileType = sourcecode.swift; path = AppDelegate.swift; sourceTree = "<group>"; };
		D01CDADA24BFFF070009C1E3 /* SceneDelegate.swift */ = {isa = PBXFileReference; lastKnownFileType = sourcecode.swift; path = SceneDelegate.swift; sourceTree = "<group>"; };
		D01CDADF24BFFF070009C1E3 /* Base */ = {isa = PBXFileReference; lastKnownFileType = file.storyboard; name = Base; path = Base.lproj/Main.storyboard; sourceTree = "<group>"; };
		D01CDAE424BFFF0A0009C1E3 /* Base */ = {isa = PBXFileReference; lastKnownFileType = file.storyboard; name = Base; path = Base.lproj/LaunchScreen.storyboard; sourceTree = "<group>"; };
		D01CDAE624BFFF0A0009C1E3 /* Info.plist */ = {isa = PBXFileReference; lastKnownFileType = text.plist.xml; path = Info.plist; sourceTree = "<group>"; };
		D05A313924CBC16600E92BC2 /* Assets.xcassets */ = {isa = PBXFileReference; lastKnownFileType = folder.assetcatalog; path = Assets.xcassets; sourceTree = "<group>"; };
		D05A313B24CDE55000E92BC2 /* Extensions.swift */ = {isa = PBXFileReference; lastKnownFileType = sourcecode.swift; path = Extensions.swift; sourceTree = "<group>"; };
		D05A313E24CDE7AF00E92BC2 /* SearchViewController.swift */ = {isa = PBXFileReference; lastKnownFileType = sourcecode.swift; path = SearchViewController.swift; sourceTree = "<group>"; };
		D05A314024CDE7F200E92BC2 /* LoginViewController.swift */ = {isa = PBXFileReference; lastKnownFileType = sourcecode.swift; path = LoginViewController.swift; sourceTree = "<group>"; };
		D05A314224CDED2C00E92BC2 /* LoginModel.swift */ = {isa = PBXFileReference; lastKnownFileType = sourcecode.swift; path = LoginModel.swift; sourceTree = "<group>"; };
		D05A314524CE1CFE00E92BC2 /* Variables.swift */ = {isa = PBXFileReference; lastKnownFileType = sourcecode.swift; path = Variables.swift; sourceTree = "<group>"; };
		D05A314724CE7F7F00E92BC2 /* SearchModel.swift */ = {isa = PBXFileReference; lastKnownFileType = sourcecode.swift; path = SearchModel.swift; sourceTree = "<group>"; };
		D05A314B24CF7F9500E92BC2 /* ListMovieData.swift */ = {isa = PBXFileReference; lastKnownFileType = sourcecode.swift; path = ListMovieData.swift; sourceTree = "<group>"; };
		D05A315324D35FD300E92BC2 /* MovieListViewController.swift */ = {isa = PBXFileReference; lastKnownFileType = sourcecode.swift; path = MovieListViewController.swift; sourceTree = "<group>"; };
		D05A315724D3A27B00E92BC2 /* MovieCell.swift */ = {isa = PBXFileReference; lastKnownFileType = sourcecode.swift; path = MovieCell.swift; sourceTree = "<group>"; };
		D05A315824D3A27B00E92BC2 /* MovieCell.xib */ = {isa = PBXFileReference; lastKnownFileType = file.xib; path = MovieCell.xib; sourceTree = "<group>"; };
		D05A315B24D4F25300E92BC2 /* SingleMovieViewController.swift */ = {isa = PBXFileReference; lastKnownFileType = sourcecode.swift; path = SingleMovieViewController.swift; sourceTree = "<group>"; };
		D05A315D24D4F29800E92BC2 /* SingleMovieModel.swift */ = {isa = PBXFileReference; lastKnownFileType = sourcecode.swift; path = SingleMovieModel.swift; sourceTree = "<group>"; };
		D05A315F24D4F8B900E92BC2 /* SingleMovieData.swift */ = {isa = PBXFileReference; lastKnownFileType = sourcecode.swift; path = SingleMovieData.swift; sourceTree = "<group>"; };
		E4BCB1469C483E7E49211FE1 /* Pods-Fabflix-iOS.debug.xcconfig */ = {isa = PBXFileReference; includeInIndex = 1; lastKnownFileType = text.xcconfig; name = "Pods-Fabflix-iOS.debug.xcconfig"; path = "Target Support Files/Pods-Fabflix-iOS/Pods-Fabflix-iOS.debug.xcconfig"; sourceTree = "<group>"; };
		FB94C32800C3DE77FD03A51C /* Pods_Fabflix_iOS.framework */ = {isa = PBXFileReference; explicitFileType = wrapper.framework; includeInIndex = 0; path = Pods_Fabflix_iOS.framework; sourceTree = BUILT_PRODUCTS_DIR; };
/* End PBXFileReference section */

/* Begin PBXFrameworksBuildPhase section */
		D01CDAD224BFFF070009C1E3 /* Frameworks */ = {
			isa = PBXFrameworksBuildPhase;
			buildActionMask = 2147483647;
			files = (
				E89197856AF13073E9A50E9A /* Pods_Fabflix_iOS.framework in Frameworks */,
			);
			runOnlyForDeploymentPostprocessing = 0;
		};
/* End PBXFrameworksBuildPhase section */

/* Begin PBXGroup section */
		C172C395BA3EB46C978BAC62 /* Pods */ = {
			isa = PBXGroup;
			children = (
				E4BCB1469C483E7E49211FE1 /* Pods-Fabflix-iOS.debug.xcconfig */,
				AAE8A3BC6934986100D16F79 /* Pods-Fabflix-iOS.release.xcconfig */,
			);
			path = Pods;
			sourceTree = "<group>";
		};
		D01CDACC24BFFF070009C1E3 = {
			isa = PBXGroup;
			children = (
				D01CDAD724BFFF070009C1E3 /* Fabflix-iOS */,
				D01CDAD624BFFF070009C1E3 /* Products */,
				C172C395BA3EB46C978BAC62 /* Pods */,
				F61ED319846559F3B1979C9F /* Frameworks */,
			);
			sourceTree = "<group>";
		};
		D01CDAD624BFFF070009C1E3 /* Products */ = {
			isa = PBXGroup;
			children = (
				D01CDAD524BFFF070009C1E3 /* Fabflix-iOS.app */,
			);
			name = Products;
			sourceTree = "<group>";
		};
		D01CDAD724BFFF070009C1E3 /* Fabflix-iOS */ = {
			isa = PBXGroup;
			children = (
				D01CDAD824BFFF070009C1E3 /* AppDelegate.swift */,
				D01CDADA24BFFF070009C1E3 /* SceneDelegate.swift */,
				D05A313D24CDE55B00E92BC2 /* ExtensionAndVariables */,
				D05A314424CDED3100E92BC2 /* Model */,
				D05A313724CBBFB100E92BC2 /* View */,
				D05A313824CBBFBC00E92BC2 /* Controller */,
				D05A313924CBC16600E92BC2 /* Assets.xcassets */,
				D01CDAE624BFFF0A0009C1E3 /* Info.plist */,
			);
			path = "Fabflix-iOS";
			sourceTree = "<group>";
		};
		D05A313724CBBFB100E92BC2 /* View */ = {
			isa = PBXGroup;
			children = (
				D01CDADE24BFFF070009C1E3 /* Main.storyboard */,
				D01CDAE324BFFF0A0009C1E3 /* LaunchScreen.storyboard */,
				D05A315724D3A27B00E92BC2 /* MovieCell.swift */,
				D05A315824D3A27B00E92BC2 /* MovieCell.xib */,
			);
			path = View;
			sourceTree = "<group>";
		};
		D05A313824CBBFBC00E92BC2 /* Controller */ = {
			isa = PBXGroup;
			children = (
				D05A313E24CDE7AF00E92BC2 /* SearchViewController.swift */,
				D05A314024CDE7F200E92BC2 /* LoginViewController.swift */,
				D05A315324D35FD300E92BC2 /* MovieListViewController.swift */,
				D05A315B24D4F25300E92BC2 /* SingleMovieViewController.swift */,
			);
			path = Controller;
			sourceTree = "<group>";
		};
		D05A313D24CDE55B00E92BC2 /* ExtensionAndVariables */ = {
			isa = PBXGroup;
			children = (
				D05A313B24CDE55000E92BC2 /* Extensions.swift */,
				D05A314524CE1CFE00E92BC2 /* Variables.swift */,
			);
			path = ExtensionAndVariables;
			sourceTree = "<group>";
		};
		D05A314424CDED3100E92BC2 /* Model */ = {
			isa = PBXGroup;
			children = (
				D05A314224CDED2C00E92BC2 /* LoginModel.swift */,
				D05A314724CE7F7F00E92BC2 /* SearchModel.swift */,
				D05A315D24D4F29800E92BC2 /* SingleMovieModel.swift */,
				D05A314B24CF7F9500E92BC2 /* ListMovieData.swift */,
				D05A315F24D4F8B900E92BC2 /* SingleMovieData.swift */,
			);
			path = Model;
			sourceTree = "<group>";
		};
		F61ED319846559F3B1979C9F /* Frameworks */ = {
			isa = PBXGroup;
			children = (
				FB94C32800C3DE77FD03A51C /* Pods_Fabflix_iOS.framework */,
			);
			name = Frameworks;
			sourceTree = "<group>";
		};
/* End PBXGroup section */

/* Begin PBXNativeTarget section */
		D01CDAD424BFFF070009C1E3 /* Fabflix-iOS */ = {
			isa = PBXNativeTarget;
			buildConfigurationList = D01CDAE924BFFF0A0009C1E3 /* Build configuration list for PBXNativeTarget "Fabflix-iOS" */;
			buildPhases = (
				C93C23C99D2EAC9CC08B63DE /* [CP] Check Pods Manifest.lock */,
				D01CDAD124BFFF070009C1E3 /* Sources */,
				D01CDAD224BFFF070009C1E3 /* Frameworks */,
				D01CDAD324BFFF070009C1E3 /* Resources */,
				A0EAA9BD99875718AAF5420A /* [CP] Embed Pods Frameworks */,
			);
			buildRules = (
			);
			dependencies = (
			);
			name = "Fabflix-iOS";
			productName = "Fabflix-iOS";
			productReference = D01CDAD524BFFF070009C1E3 /* Fabflix-iOS.app */;
			productType = "com.apple.product-type.application";
		};
/* End PBXNativeTarget section */

/* Begin PBXProject section */
		D01CDACD24BFFF070009C1E3 /* Project object */ = {
			isa = PBXProject;
			attributes = {
				LastSwiftUpdateCheck = 1150;
				LastUpgradeCheck = 1150;
				ORGANIZATIONNAME = "Haoming Gao";
				TargetAttributes = {
					D01CDAD424BFFF070009C1E3 = {
						CreatedOnToolsVersion = 11.5;
					};
				};
			};
			buildConfigurationList = D01CDAD024BFFF070009C1E3 /* Build configuration list for PBXProject "Fabflix-iOS" */;
			compatibilityVersion = "Xcode 9.3";
			developmentRegion = en;
			hasScannedForEncodings = 0;
			knownRegions = (
				en,
				Base,
			);
			mainGroup = D01CDACC24BFFF070009C1E3;
			productRefGroup = D01CDAD624BFFF070009C1E3 /* Products */;
			projectDirPath = "";
			projectRoot = "";
			targets = (
				D01CDAD424BFFF070009C1E3 /* Fabflix-iOS */,
			);
		};
/* End PBXProject section */

/* Begin PBXResourcesBuildPhase section */
		D01CDAD324BFFF070009C1E3 /* Resources */ = {
			isa = PBXResourcesBuildPhase;
			buildActionMask = 2147483647;
			files = (
				D01CDAE524BFFF0A0009C1E3 /* LaunchScreen.storyboard in Resources */,
				D05A313A24CBC16600E92BC2 /* Assets.xcassets in Resources */,
				D05A315A24D3A27B00E92BC2 /* MovieCell.xib in Resources */,
				D01CDAE024BFFF070009C1E3 /* Main.storyboard in Resources */,
			);
			runOnlyForDeploymentPostprocessing = 0;
		};
/* End PBXResourcesBuildPhase section */

/* Begin PBXShellScriptBuildPhase section */
		A0EAA9BD99875718AAF5420A /* [CP] Embed Pods Frameworks */ = {
			isa = PBXShellScriptBuildPhase;
			buildActionMask = 2147483647;
			files = (
			);
			inputFileListPaths = (
				"${PODS_ROOT}/Target Support Files/Pods-Fabflix-iOS/Pods-Fabflix-iOS-frameworks-${CONFIGURATION}-input-files.xcfilelist",
			);
			name = "[CP] Embed Pods Frameworks";
			outputFileListPaths = (
				"${PODS_ROOT}/Target Support Files/Pods-Fabflix-iOS/Pods-Fabflix-iOS-frameworks-${CONFIGURATION}-output-files.xcfilelist",
			);
			runOnlyForDeploymentPostprocessing = 0;
			shellPath = /bin/sh;
			shellScript = "\"${PODS_ROOT}/Target Support Files/Pods-Fabflix-iOS/Pods-Fabflix-iOS-frameworks.sh\"\n";
			showEnvVarsInLog = 0;
		};
		C93C23C99D2EAC9CC08B63DE /* [CP] Check Pods Manifest.lock */ = {
			isa = PBXShellScriptBuildPhase;
			buildActionMask = 2147483647;
			files = (
			);
			inputFileListPaths = (
			);
			inputPaths = (
				"${PODS_PODFILE_DIR_PATH}/Podfile.lock",
				"${PODS_ROOT}/Manifest.lock",
			);
			name = "[CP] Check Pods Manifest.lock";
			outputFileListPaths = (
			);
			outputPaths = (
				"$(DERIVED_FILE_DIR)/Pods-Fabflix-iOS-checkManifestLockResult.txt",
			);
			runOnlyForDeploymentPostprocessing = 0;
			shellPath = /bin/sh;
			shellScript = "diff \"${PODS_PODFILE_DIR_PATH}/Podfile.lock\" \"${PODS_ROOT}/Manifest.lock\" > /dev/null\nif [ $? != 0 ] ; then\n    # print error to STDERR\n    echo \"error: The sandbox is not in sync with the Podfile.lock. Run 'pod install' or update your CocoaPods installation.\" >&2\n    exit 1\nfi\n# This output is used by Xcode 'outputs' to avoid re-running this script phase.\necho \"SUCCESS\" > \"${SCRIPT_OUTPUT_FILE_0}\"\n";
			showEnvVarsInLog = 0;
		};
/* End PBXShellScriptBuildPhase section */

/* Begin PBXSourcesBuildPhase section */
		D01CDAD124BFFF070009C1E3 /* Sources */ = {
			isa = PBXSourcesBuildPhase;
			buildActionMask = 2147483647;
			files = (
				D05A313F24CDE7AF00E92BC2 /* SearchViewController.swift in Sources */,
				D05A315424D35FD300E92BC2 /* MovieListViewController.swift in Sources */,
				D05A316024D4F8B900E92BC2 /* SingleMovieData.swift in Sources */,
				D05A315924D3A27B00E92BC2 /* MovieCell.swift in Sources */,
				D05A314C24CF7F9500E92BC2 /* ListMovieData.swift in Sources */,
				D05A314624CE1CFE00E92BC2 /* Variables.swift in Sources */,
				D01CDAD924BFFF070009C1E3 /* AppDelegate.swift in Sources */,
				D01CDADB24BFFF070009C1E3 /* SceneDelegate.swift in Sources */,
				D05A314324CDED2C00E92BC2 /* LoginModel.swift in Sources */,
				D05A314824CE7F7F00E92BC2 /* SearchModel.swift in Sources */,
				D05A314124CDE7F200E92BC2 /* LoginViewController.swift in Sources */,
				D05A313C24CDE55000E92BC2 /* Extensions.swift in Sources */,
				D05A315E24D4F29800E92BC2 /* SingleMovieModel.swift in Sources */,
				D05A315C24D4F25300E92BC2 /* SingleMovieViewController.swift in Sources */,
			);
			runOnlyForDeploymentPostprocessing = 0;
		};
/* End PBXSourcesBuildPhase section */

/* Begin PBXVariantGroup section */
		D01CDADE24BFFF070009C1E3 /* Main.storyboard */ = {
			isa = PBXVariantGroup;
			children = (
				D01CDADF24BFFF070009C1E3 /* Base */,
			);
			name = Main.storyboard;
			sourceTree = "<group>";
		};
		D01CDAE324BFFF0A0009C1E3 /* LaunchScreen.storyboard */ = {
			isa = PBXVariantGroup;
			children = (
				D01CDAE424BFFF0A0009C1E3 /* Base */,
			);
			name = LaunchScreen.storyboard;
			sourceTree = "<group>";
		};
/* End PBXVariantGroup section */

/* Begin XCBuildConfiguration section */
		D01CDAE724BFFF0A0009C1E3 /* Debug */ = {
			isa = XCBuildConfiguration;
			buildSettings = {
				ALWAYS_SEARCH_USER_PATHS = NO;
				CLANG_ANALYZER_NONNULL = YES;
				CLANG_ANALYZER_NUMBER_OBJECT_CONVERSION = YES_AGGRESSIVE;
				CLANG_CXX_LANGUAGE_STANDARD = "gnu++14";
				CLANG_CXX_LIBRARY = "libc++";
				CLANG_ENABLE_MODULES = YES;
				CLANG_ENABLE_OBJC_ARC = YES;
				CLANG_ENABLE_OBJC_WEAK = YES;
				CLANG_WARN_BLOCK_CAPTURE_AUTORELEASING = YES;
				CLANG_WARN_BOOL_CONVERSION = YES;
				CLANG_WARN_COMMA = YES;
				CLANG_WARN_CONSTANT_CONVERSION = YES;
				CLANG_WARN_DEPRECATED_OBJC_IMPLEMENTATIONS = YES;
				CLANG_WARN_DIRECT_OBJC_ISA_USAGE = YES_ERROR;
				CLANG_WARN_DOCUMENTATION_COMMENTS = YES;
				CLANG_WARN_EMPTY_BODY = YES;
				CLANG_WARN_ENUM_CONVERSION = YES;
				CLANG_WARN_INFINITE_RECURSION = YES;
				CLANG_WARN_INT_CONVERSION = YES;
				CLANG_WARN_NON_LITERAL_NULL_CONVERSION = YES;
				CLANG_WARN_OBJC_IMPLICIT_RETAIN_SELF = YES;
				CLANG_WARN_OBJC_LITERAL_CONVERSION = YES;
				CLANG_WARN_OBJC_ROOT_CLASS = YES_ERROR;
				CLANG_WARN_RANGE_LOOP_ANALYSIS = YES;
				CLANG_WARN_STRICT_PROTOTYPES = YES;
				CLANG_WARN_SUSPICIOUS_MOVE = YES;
				CLANG_WARN_UNGUARDED_AVAILABILITY = YES_AGGRESSIVE;
				CLANG_WARN_UNREACHABLE_CODE = YES;
				CLANG_WARN__DUPLICATE_METHOD_MATCH = YES;
				COPY_PHASE_STRIP = NO;
				DEBUG_INFORMATION_FORMAT = dwarf;
				ENABLE_STRICT_OBJC_MSGSEND = YES;
				ENABLE_TESTABILITY = YES;
				GCC_C_LANGUAGE_STANDARD = gnu11;
				GCC_DYNAMIC_NO_PIC = NO;
				GCC_NO_COMMON_BLOCKS = YES;
				GCC_OPTIMIZATION_LEVEL = 0;
				GCC_PREPROCESSOR_DEFINITIONS = (
					"DEBUG=1",
					"$(inherited)",
				);
				GCC_WARN_64_TO_32_BIT_CONVERSION = YES;
				GCC_WARN_ABOUT_RETURN_TYPE = YES_ERROR;
				GCC_WARN_UNDECLARED_SELECTOR = YES;
				GCC_WARN_UNINITIALIZED_AUTOS = YES_AGGRESSIVE;
				GCC_WARN_UNUSED_FUNCTION = YES;
				GCC_WARN_UNUSED_VARIABLE = YES;
				IPHONEOS_DEPLOYMENT_TARGET = 13.5;
				MTL_ENABLE_DEBUG_INFO = INCLUDE_SOURCE;
				MTL_FAST_MATH = YES;
				ONLY_ACTIVE_ARCH = YES;
				SDKROOT = iphoneos;
				SWIFT_ACTIVE_COMPILATION_CONDITIONS = DEBUG;
				SWIFT_OPTIMIZATION_LEVEL = "-Onone";
			};
			name = Debug;
		};
		D01CDAE824BFFF0A0009C1E3 /* Release */ = {
			isa = XCBuildConfiguration;
			buildSettings = {
				ALWAYS_SEARCH_USER_PATHS = NO;
				CLANG_ANALYZER_NONNULL = YES;
				CLANG_ANALYZER_NUMBER_OBJECT_CONVERSION = YES_AGGRESSIVE;
				CLANG_CXX_LANGUAGE_STANDARD = "gnu++14";
				CLANG_CXX_LIBRARY = "libc++";
				CLANG_ENABLE_MODULES = YES;
				CLANG_ENABLE_OBJC_ARC = YES;
				CLANG_ENABLE_OBJC_WEAK = YES;
				CLANG_WARN_BLOCK_CAPTURE_AUTORELEASING = YES;
				CLANG_WARN_BOOL_CONVERSION = YES;
				CLANG_WARN_COMMA = YES;
				CLANG_WARN_CONSTANT_CONVERSION = YES;
				CLANG_WARN_DEPRECATED_OBJC_IMPLEMENTATIONS = YES;
				CLANG_WARN_DIRECT_OBJC_ISA_USAGE = YES_ERROR;
				CLANG_WARN_DOCUMENTATION_COMMENTS = YES;
				CLANG_WARN_EMPTY_BODY = YES;
				CLANG_WARN_ENUM_CONVERSION = YES;
				CLANG_WARN_INFINITE_RECURSION = YES;
				CLANG_WARN_INT_CONVERSION = YES;
				CLANG_WARN_NON_LITERAL_NULL_CONVERSION = YES;
				CLANG_WARN_OBJC_IMPLICIT_RETAIN_SELF = YES;
				CLANG_WARN_OBJC_LITERAL_CONVERSION = YES;
				CLANG_WARN_OBJC_ROOT_CLASS = YES_ERROR;
				CLANG_WARN_RANGE_LOOP_ANALYSIS = YES;
				CLANG_WARN_STRICT_PROTOTYPES = YES;
				CLANG_WARN_SUSPICIOUS_MOVE = YES;
				CLANG_WARN_UNGUARDED_AVAILABILITY = YES_AGGRESSIVE;
				CLANG_WARN_UNREACHABLE_CODE = YES;
				CLANG_WARN__DUPLICATE_METHOD_MATCH = YES;
				COPY_PHASE_STRIP = NO;
				DEBUG_INFORMATION_FORMAT = "dwarf-with-dsym";
				ENABLE_NS_ASSERTIONS = NO;
				ENABLE_STRICT_OBJC_MSGSEND = YES;
				GCC_C_LANGUAGE_STANDARD = gnu11;
				GCC_NO_COMMON_BLOCKS = YES;
				GCC_WARN_64_TO_32_BIT_CONVERSION = YES;
				GCC_WARN_ABOUT_RETURN_TYPE = YES_ERROR;
				GCC_WARN_UNDECLARED_SELECTOR = YES;
				GCC_WARN_UNINITIALIZED_AUTOS = YES_AGGRESSIVE;
				GCC_WARN_UNUSED_FUNCTION = YES;
				GCC_WARN_UNUSED_VARIABLE = YES;
				IPHONEOS_DEPLOYMENT_TARGET = 13.5;
				MTL_ENABLE_DEBUG_INFO = NO;
				MTL_FAST_MATH = YES;
				SDKROOT = iphoneos;
				SWIFT_COMPILATION_MODE = wholemodule;
				SWIFT_OPTIMIZATION_LEVEL = "-O";
				VALIDATE_PRODUCT = YES;
			};
			name = Release;
		};
		D01CDAEA24BFFF0A0009C1E3 /* Debug */ = {
			isa = XCBuildConfiguration;
			baseConfigurationReference = E4BCB1469C483E7E49211FE1 /* Pods-Fabflix-iOS.debug.xcconfig */;
			buildSettings = {
				ASSETCATALOG_COMPILER_APPICON_NAME = AppIcon;
				CODE_SIGN_STYLE = Automatic;
				DEVELOPMENT_TEAM = P6YWS6Z735;
				INFOPLIST_FILE = "Fabflix-iOS/Info.plist";
				LD_RUNPATH_SEARCH_PATHS = (
					"$(inherited)",
					"@executable_path/Frameworks",
				);
				PRODUCT_BUNDLE_IDENTIFIER = "com.mingwandowski.Fabflix-iOS";
				PRODUCT_NAME = "$(TARGET_NAME)";
				SWIFT_VERSION = 5.0;
				TARGETED_DEVICE_FAMILY = "1,2";
			};
			name = Debug;
		};
		D01CDAEB24BFFF0A0009C1E3 /* Release */ = {
			isa = XCBuildConfiguration;
			baseConfigurationReference = AAE8A3BC6934986100D16F79 /* Pods-Fabflix-iOS.release.xcconfig */;
			buildSettings = {
				ASSETCATALOG_COMPILER_APPICON_NAME = AppIcon;
				CODE_SIGN_STYLE = Automatic;
				DEVELOPMENT_TEAM = P6YWS6Z735;
				INFOPLIST_FILE = "Fabflix-iOS/Info.plist";
				LD_RUNPATH_SEARCH_PATHS = (
					"$(inherited)",
					"@executable_path/Frameworks",
				);
				PRODUCT_BUNDLE_IDENTIFIER = "com.mingwandowski.Fabflix-iOS";
				PRODUCT_NAME = "$(TARGET_NAME)";
				SWIFT_VERSION = 5.0;
				TARGETED_DEVICE_FAMILY = "1,2";
			};
			name = Release;
		};
/* End XCBuildConfiguration section */

/* Begin XCConfigurationList section */
		D01CDAD024BFFF070009C1E3 /* Build configuration list for PBXProject "Fabflix-iOS" */ = {
			isa = XCConfigurationList;
			buildConfigurations = (
				D01CDAE724BFFF0A0009C1E3 /* Debug */,
				D01CDAE824BFFF0A0009C1E3 /* Release */,
			);
			defaultConfigurationIsVisible = 0;
			defaultConfigurationName = Release;
		};
		D01CDAE924BFFF0A0009C1E3 /* Build configuration list for PBXNativeTarget "Fabflix-iOS" */ = {
			isa = XCConfigurationList;
			buildConfigurations = (
				D01CDAEA24BFFF0A0009C1E3 /* Debug */,
				D01CDAEB24BFFF0A0009C1E3 /* Release */,
			);
			defaultConfigurationIsVisible = 0;
			defaultConfigurationName = Release;
		};
/* End XCConfigurationList section */
	};
	rootObject = D01CDACD24BFFF070009C1E3 /* Project object */;
}
